
Microsoft Visual Studio Solution File, Format Version 12.00
# Visual Studio Version 16
VisualStudioVersion = 16.0.30717.126
MinimumVisualStudioVersion = 10.0.40219.1
Project("{9A19103F-16F7-4668-BE54-9A1E7A4F7556}") = "RecursionAndBacktracking", "RecursionAndBacktracking\RecursionAndBacktracking.csproj", "{63B9235F-8F1A-4C2E-B77B-7A9F3D7DE88C}"
EndProject
Project("{FAE04EC0-301F-11D3-BF4B-00C04F79EFBC}") = "Queens", "Queens\Queens.csproj", "{49F7F2C7-EE96-41B2-B929-D4841B89CB32}"
EndProject
Global
	GlobalSection(SolutionConfigurationPlatforms) = preSolution
		Debug|Any CPU = Debug|Any CPU
		Release|Any CPU = Release|Any CPU
	EndGlobalSection
	GlobalSection(ProjectConfigurationPlatforms) = postSolution
		{63B9235F-8F1A-4C2E-B77B-7A9F3D7DE88C}.Debug|Any CPU.ActiveCfg = Debug|Any CPU
		{63B9235F-8F1A-4C2E-B77B-7A9F3D7DE88C}.Debug|Any CPU.Build.0 = Debug|Any CPU
		{63B9235F-8F1A-4C2E-B77B-7A9F3D7DE88C}.Release|Any CPU.ActiveCfg = Release|Any CPU
		{63B9235F-8F1A-4C2E-B77B-7A9F3D7DE88C}.Release|Any CPU.Build.0 = Release|Any CPU
		{49F7F2C7-EE96-41B2-B929-D4841B89CB32}.Debug|Any CPU.ActiveCfg = Debug|Any CPU
		{49F7F2C7-EE96-41B2-B929-D4841B89CB32}.Debug|Any CPU.Build.0 = Debug|Any CPU
		{49F7F2C7-EE96-41B2-B929-D4841B89CB32}.Release|Any CPU.ActiveCfg = Release|Any CPU
		{49F7F2C7-EE96-41B2-B929-D4841B89CB32}.Release|Any CPU.Build.0 = Release|Any CPU
	EndGlobalSection
	GlobalSection(SolutionProperties) = preSolution
		HideSolutionNode = FALSE
	EndGlobalSection
	GlobalSection(ExtensibilityGlobals) = postSolution
		SolutionGuid = {E8725D29-68BE-4215-B45C-D048197A40F5}
	EndGlobalSection
EndGlobal
